{
  "name": "zod-meets-contentful",
  "lockfileVersion": 3,
  "requires": true,
  "packages": {
    "": {
      "dependencies": {
        "@contentful/changeset-create": "^0.19.1",
        "@types/node": "^20.7.1",
        "contentful-management": "^10.46.4",
        "lodash": "^4.17.21",
        "typescript": "^5.2.2",
        "zod": "^3.22.2",
        "zod-fixture": "^2.5.0"
      },
      "devDependencies": {
        "@types/lodash": "^4.14.199"
      }
    },
    "node_modules/@contentful/changeset-create": {
      "version": "0.19.1",
      "resolved": "https://registry.npmjs.org/@contentful/changeset-create/-/changeset-create-0.19.1.tgz",
      "integrity": "sha512-2jiVSCjlXSz2ovwencxALaYpBSDmIQgzCxqxpZI6J9/6vjQnPyxwBC1TwQkqHN6mFlVbwD8JBkMo9RNRbMSimA==",
      "dependencies": {
        "@contentful/changeset-types": "^0.4.1",
        "@contentful/changeset-utils": "^0.6.1",
        "@contentful/jsondiffpatch": "^1.4.1",
        "contentful-collection": "^0.0.4",
        "contentful-management": "^10.18.2",
        "fast-json-patch": "^3.1.1",
        "generate-json-patch": "^1.0.1",
        "lodash": "^4.17.21"
      }
    },
    "node_modules/@contentful/changeset-types": {
      "version": "0.4.1",
      "resolved": "https://registry.npmjs.org/@contentful/changeset-types/-/changeset-types-0.4.1.tgz",
      "integrity": "sha512-frBzJpXN6JVtPwczWD7yjNNnoGtRd2WUZj3aV2XqFvoReeG6t/MQEbdjM8wTwEfmFcH4UJU/AvSC+v9hoSb8JA==",
      "dependencies": {
        "contentful-management": "^10.18.2",
        "fast-json-patch": "^3.1.1",
        "generate-json-patch": "^1.0.1"
      }
    },
    "node_modules/@contentful/changeset-utils": {
      "version": "0.6.1",
      "resolved": "https://registry.npmjs.org/@contentful/changeset-utils/-/changeset-utils-0.6.1.tgz",
      "integrity": "sha512-Usei6uYw1vo3N/8v6jCesdc5LNkOqUsxI+14PkoZ8rW++46oeqjtpP2JmsyCSJ0GCcLWLv7SLrlMXgqmrX8jXQ==",
      "dependencies": {
        "@contentful/changeset-types": "^0.4.1",
        "contentful-management": "^10.38.3",
        "fast-json-patch": "^3.1.1",
        "generate-json-patch": "^1.0.1"
      }
    },
    "node_modules/@contentful/jsondiffpatch": {
      "version": "1.4.1",
      "resolved": "https://registry.npmjs.org/@contentful/jsondiffpatch/-/jsondiffpatch-1.4.1.tgz",
      "integrity": "sha512-haLivz4diuSHbffmnedvVuGFVWEh+2ufruj8n4WA8vH2fafvu1fDUjfpT0lMBwJW+VTvlwn6LNX0Jo1CZJ9Jqw==",
      "dependencies": {
        "diff-match-patch": "^1.0.5"
      },
      "engines": {
        "node": ">=18"
      }
    },
    "node_modules/@contentful/rich-text-types": {
      "version": "16.3.0",
      "resolved": "https://registry.npmjs.org/@contentful/rich-text-types/-/rich-text-types-16.3.0.tgz",
      "integrity": "sha512-OfQmAu5bxE0CgQA3WlUleVej+ifFG/iXmB2DmUl4EyWyFue1aiIvfjxQhcDRSH4n1jUNMJ6L1wInZL8uV5m3TQ==",
      "engines": {
        "node": ">=6.0.0"
      }
    },
    "node_modules/@types/json-patch": {
      "version": "0.0.30",
      "resolved": "https://registry.npmjs.org/@types/json-patch/-/json-patch-0.0.30.tgz",
      "integrity": "sha512-MhCUjojzDhVLnZnxwPwa+rETFRDQ0ffjxYdrqOP6TBO2O0/Z64PV5tNeYApo4bc4y4frbWOrRwv/eEkXlI13Rw=="
    },
    "node_modules/@types/lodash": {
      "version": "4.14.199",
      "resolved": "https://registry.npmjs.org/@types/lodash/-/lodash-4.14.199.tgz",
      "integrity": "sha512-Vrjz5N5Ia4SEzWWgIVwnHNEnb1UE1XMkvY5DGXrAeOGE9imk0hgTHh5GyDjLDJi9OTCn9oo9dXH1uToK1VRfrg==",
      "dev": true
    },
    "node_modules/@types/node": {
      "version": "20.7.1",
      "resolved": "https://registry.npmjs.org/@types/node/-/node-20.7.1.tgz",
      "integrity": "sha512-LT+OIXpp2kj4E2S/p91BMe+VgGX2+lfO+XTpfXhh+bCk2LkQtHZSub8ewFBMGP5ClysPjTDFa4sMI8Q3n4T0wg=="
    },
    "node_modules/asynckit": {
      "version": "0.4.0",
      "resolved": "https://registry.npmjs.org/asynckit/-/asynckit-0.4.0.tgz",
      "integrity": "sha512-Oei9OH4tRh0YqU3GxhX79dM/mwVgvbZJaSNaRk+bshkj0S5cfHcgYakreBjrHwatXKbz+IoIdYLxrKim2MjW0Q=="
    },
    "node_modules/axios": {
      "version": "1.5.1",
      "resolved": "https://registry.npmjs.org/axios/-/axios-1.5.1.tgz",
      "integrity": "sha512-Q28iYCWzNHjAm+yEAot5QaAMxhMghWLFVf7rRdwhUI+c2jix2DUXjAHXVi+s1ibs3mjPO/cCgbA++3BjD0vP/A==",
      "dependencies": {
        "follow-redirects": "^1.15.0",
        "form-data": "^4.0.0",
        "proxy-from-env": "^1.1.0"
      }
    },
    "node_modules/combined-stream": {
      "version": "1.0.8",
      "resolved": "https://registry.npmjs.org/combined-stream/-/combined-stream-1.0.8.tgz",
      "integrity": "sha512-FQN4MRfuJeHf7cBbBMJFXhKSDq+2kAArBlmRBvcvFE5BB1HZKXtSFASDhdlz9zOYwxh8lDdnvmMOe/+5cdoEdg==",
      "dependencies": {
        "delayed-stream": "~1.0.0"
      },
      "engines": {
        "node": ">= 0.8"
      }
    },
    "node_modules/contentful-collection": {
      "version": "0.0.4",
      "resolved": "https://registry.npmjs.org/contentful-collection/-/contentful-collection-0.0.4.tgz",
      "integrity": "sha512-AvrnEeMTJtRy9SeuHrLbk/bntLwEE9FrhPfFcBp08md0Nz3N7a2+SmZgF5ZTyBRVc9pHjg+Fg6+O5c9q7Tj5HQ=="
    },
    "node_modules/contentful-management": {
      "version": "10.46.4",
      "resolved": "https://registry.npmjs.org/contentful-management/-/contentful-management-10.46.4.tgz",
      "integrity": "sha512-swOTlKO6AeCRnD5w237ey6wKDXty8shFVm0AisKO2w5seQINlFytgCkZd89E0lxjg4zgjb9maa7AScUtyQUd5w==",
      "dependencies": {
        "@contentful/rich-text-types": "^16.3.0",
        "@types/json-patch": "0.0.30",
        "axios": "^1.4.0",
        "contentful-sdk-core": "^8.1.0",
        "fast-copy": "^3.0.0",
        "lodash.isplainobject": "^4.0.6",
        "type-fest": "^4.0.0"
      },
      "engines": {
        "node": ">=14"
      }
    },
    "node_modules/contentful-sdk-core": {
      "version": "8.1.0",
      "resolved": "https://registry.npmjs.org/contentful-sdk-core/-/contentful-sdk-core-8.1.0.tgz",
      "integrity": "sha512-ZXTtrkrx4OlRcVY0WLihrskF+BSuHe7QZuWA8DNEeTlHmkPXAVch9Og5TJDoyGeqNrArR3Ovd7yfaG+1QYo+ag==",
      "dependencies": {
        "fast-copy": "^2.1.7",
        "lodash.isplainobject": "^4.0.6",
        "lodash.isstring": "^4.0.1",
        "p-throttle": "^4.1.1"
      },
      "engines": {
        "node": ">=12"
      }
    },
    "node_modules/contentful-sdk-core/node_modules/fast-copy": {
      "version": "2.1.7",
      "resolved": "https://registry.npmjs.org/fast-copy/-/fast-copy-2.1.7.tgz",
      "integrity": "sha512-ozrGwyuCTAy7YgFCua8rmqmytECYk/JYAMXcswOcm0qvGoE3tPb7ivBeIHTOK2DiapBhDZgacIhzhQIKU5TCfA=="
    },
    "node_modules/delayed-stream": {
      "version": "1.0.0",
      "resolved": "https://registry.npmjs.org/delayed-stream/-/delayed-stream-1.0.0.tgz",
      "integrity": "sha512-ZySD7Nf91aLB0RxL4KGrKHBXl7Eds1DAmEdcoVawXnLD7SDhpNgtuII2aAkg7a7QS41jxPSZ17p4VdGnMHk3MQ==",
      "engines": {
        "node": ">=0.4.0"
      }
    },
    "node_modules/diff-match-patch": {
      "version": "1.0.5",
      "resolved": "https://registry.npmjs.org/diff-match-patch/-/diff-match-patch-1.0.5.tgz",
      "integrity": "sha512-IayShXAgj/QMXgB0IWmKx+rOPuGMhqm5w6jvFxmVenXKIzRqTAAsbBPT3kWQeGANj3jGgvcvv4yK6SxqYmikgw=="
    },
    "node_modules/drange": {
      "version": "1.1.1",
      "resolved": "https://registry.npmjs.org/drange/-/drange-1.1.1.tgz",
      "integrity": "sha512-pYxfDYpued//QpnLIm4Avk7rsNtAtQkUES2cwAYSvD/wd2pKD71gN2Ebj3e7klzXwjocvE8c5vx/1fxwpqmSxA==",
      "engines": {
        "node": ">=4"
      }
    },
    "node_modules/fast-copy": {
      "version": "3.0.1",
      "resolved": "https://registry.npmjs.org/fast-copy/-/fast-copy-3.0.1.tgz",
      "integrity": "sha512-Knr7NOtK3HWRYGtHoJrjkaWepqT8thIVGAwt0p0aUs1zqkAzXZV4vo9fFNwyb5fcqK1GKYFYxldQdIDVKhUAfA=="
    },
    "node_modules/fast-json-patch": {
      "version": "3.1.1",
      "resolved": "https://registry.npmjs.org/fast-json-patch/-/fast-json-patch-3.1.1.tgz",
      "integrity": "sha512-vf6IHUX2SBcA+5/+4883dsIjpBTqmfBjmYiWK1savxQmFk4JfBMLa7ynTYOs1Rolp/T1betJxHiGD3g1Mn8lUQ=="
    },
    "node_modules/follow-redirects": {
      "version": "1.15.3",
      "resolved": "https://registry.npmjs.org/follow-redirects/-/follow-redirects-1.15.3.tgz",
      "integrity": "sha512-1VzOtuEM8pC9SFU1E+8KfTjZyMztRsgEfwQl44z8A25uy13jSzTj6dyK2Df52iV0vgHCfBwLhDWevLn95w5v6Q==",
      "funding": [
        {
          "type": "individual",
          "url": "https://github.com/sponsors/RubenVerborgh"
        }
      ],
      "engines": {
        "node": ">=4.0"
      },
      "peerDependenciesMeta": {
        "debug": {
          "optional": true
        }
      }
    },
    "node_modules/form-data": {
      "version": "4.0.0",
      "resolved": "https://registry.npmjs.org/form-data/-/form-data-4.0.0.tgz",
      "integrity": "sha512-ETEklSGi5t0QMZuiXoA/Q6vcnxcLQP5vdugSpuAyi6SVGi2clPPp+xgEhuMaHC+zGgn31Kd235W35f7Hykkaww==",
      "dependencies": {
        "asynckit": "^0.4.0",
        "combined-stream": "^1.0.8",
        "mime-types": "^2.1.12"
      },
      "engines": {
        "node": ">= 6"
      }
    },
    "node_modules/generate-json-patch": {
      "version": "1.1.0",
      "resolved": "https://registry.npmjs.org/generate-json-patch/-/generate-json-patch-1.1.0.tgz",
      "integrity": "sha512-7c9MnIsJuyCM1ooG+AFhZXJc5sboGD1u3CB4Ilfd2u4IwwOO3pM03LUoOl8h/jPHYHBJUjtTAf3KEOHvXNnUzA=="
    },
    "node_modules/lodash": {
      "version": "4.17.21",
      "resolved": "https://registry.npmjs.org/lodash/-/lodash-4.17.21.tgz",
      "integrity": "sha512-v2kDEe57lecTulaDIuNTPy3Ry4gLGJ6Z1O3vE1krgXZNrsQ+LFTGHVxVjcXPs17LhbZVGedAJv8XZ1tvj5FvSg=="
    },
    "node_modules/lodash.isplainobject": {
      "version": "4.0.6",
      "resolved": "https://registry.npmjs.org/lodash.isplainobject/-/lodash.isplainobject-4.0.6.tgz",
      "integrity": "sha512-oSXzaWypCMHkPC3NvBEaPHf0KsA5mvPrOPgQWDsbg8n7orZ290M0BmC/jgRZ4vcJ6DTAhjrsSYgdsW/F+MFOBA=="
    },
    "node_modules/lodash.isstring": {
      "version": "4.0.1",
      "resolved": "https://registry.npmjs.org/lodash.isstring/-/lodash.isstring-4.0.1.tgz",
      "integrity": "sha512-0wJxfxH1wgO3GrbuP+dTTk7op+6L41QCXbGINEmD+ny/G/eCqGzxyCsh7159S+mgDDcoarnBw6PC1PS5+wUGgw=="
    },
    "node_modules/mime-db": {
      "version": "1.52.0",
      "resolved": "https://registry.npmjs.org/mime-db/-/mime-db-1.52.0.tgz",
      "integrity": "sha512-sPU4uV7dYlvtWJxwwxHD0PuihVNiE7TyAbQ5SWxDCB9mUYvOgroQOwYQQOKPJ8CIbE+1ETVlOoK1UC2nU3gYvg==",
      "engines": {
        "node": ">= 0.6"
      }
    },
    "node_modules/mime-types": {
      "version": "2.1.35",
      "resolved": "https://registry.npmjs.org/mime-types/-/mime-types-2.1.35.tgz",
      "integrity": "sha512-ZDY+bPm5zTTF+YpCrAU9nK0UgICYPT0QtT1NZWFv4s++TNkcgVaT0g6+4R2uI4MjQjzysHB1zxuWL50hzaeXiw==",
      "dependencies": {
        "mime-db": "1.52.0"
      },
      "engines": {
        "node": ">= 0.6"
      }
    },
    "node_modules/p-throttle": {
      "version": "4.1.1",
      "resolved": "https://registry.npmjs.org/p-throttle/-/p-throttle-4.1.1.tgz",
      "integrity": "sha512-TuU8Ato+pRTPJoDzYD4s7ocJYcNSEZRvlxoq3hcPI2kZDZ49IQ1Wkj7/gDJc3X7XiEAAvRGtDzdXJI0tC3IL1g==",
      "engines": {
        "node": ">=10"
      },
      "funding": {
        "url": "https://github.com/sponsors/sindresorhus"
      }
    },
    "node_modules/proxy-from-env": {
      "version": "1.1.0",
      "resolved": "https://registry.npmjs.org/proxy-from-env/-/proxy-from-env-1.1.0.tgz",
      "integrity": "sha512-D+zkORCbA9f1tdWRK0RaCR3GPv50cMxcrz4X8k5LTSUD1Dkw47mKJEZQNunItRTkWwgtaUSo1RVFRIG9ZXiFYg=="
    },
    "node_modules/randexp": {
      "version": "0.5.3",
      "resolved": "https://registry.npmjs.org/randexp/-/randexp-0.5.3.tgz",
      "integrity": "sha512-U+5l2KrcMNOUPYvazA3h5ekF80FHTUG+87SEAmHZmolh1M+i/WyTCxVzmi+tidIa1tM4BSe8g2Y/D3loWDjj+w==",
      "dependencies": {
        "drange": "^1.0.2",
        "ret": "^0.2.0"
      },
      "engines": {
        "node": ">=4"
      }
    },
    "node_modules/ret": {
      "version": "0.2.2",
      "resolved": "https://registry.npmjs.org/ret/-/ret-0.2.2.tgz",
      "integrity": "sha512-M0b3YWQs7R3Z917WRQy1HHA7Ba7D8hvZg6UE5mLykJxQVE2ju0IXbGlaHPPlkY+WN7wFP+wUMXmBFA0aV6vYGQ==",
      "engines": {
        "node": ">=4"
      }
    },
    "node_modules/type-fest": {
      "version": "4.3.2",
      "resolved": "https://registry.npmjs.org/type-fest/-/type-fest-4.3.2.tgz",
      "integrity": "sha512-VpwuOgnTsQUUWi0id8Hl4/xiQ+OoaeJGe8dnFjzubJYe/lOc2/d1Qx/d3FqWR0FlpOG/cvukAXfB12A49Y4iiA==",
      "engines": {
        "node": ">=16"
      },
      "funding": {
        "url": "https://github.com/sponsors/sindresorhus"
      }
    },
    "node_modules/typescript": {
      "version": "5.2.2",
      "resolved": "https://registry.npmjs.org/typescript/-/typescript-5.2.2.tgz",
      "integrity": "sha512-mI4WrpHsbCIcwT9cF4FZvr80QUeKvsUsUvKDoR+X/7XHQH98xYD8YHZg7ANtz2GtZt/CBq2QJ0thkGJMHfqc1w==",
      "bin": {
        "tsc": "bin/tsc",
        "tsserver": "bin/tsserver"
      },
      "engines": {
        "node": ">=14.17"
      }
    },
    "node_modules/zod": {
      "version": "3.22.2",
      "resolved": "https://registry.npmjs.org/zod/-/zod-3.22.2.tgz",
      "integrity": "sha512-wvWkphh5WQsJbVk1tbx1l1Ly4yg+XecD+Mq280uBGt9wa5BKSWf4Mhp6GmrkPixhMxmabYY7RbzlwVP32pbGCg==",
      "funding": {
        "url": "https://github.com/sponsors/colinhacks"
      }
    },
    "node_modules/zod-fixture": {
      "version": "2.5.0",
      "resolved": "https://registry.npmjs.org/zod-fixture/-/zod-fixture-2.5.0.tgz",
      "integrity": "sha512-lMQcUI5RC9zdkU26RUaOTDsUo1xWHEHtkVrERn6Cs/sRe+s/0qzltHQlRZMwYuvGh5SGPRI3Xy4eOToVJCj9sQ==",
      "dependencies": {
        "randexp": "^0.5.3"
      },
      "peerDependencies": {
        "zod": ">=3.0.0"
      }
    }
  }
}
